
Microsoft Visual Studio Solution File, Format Version 12.00
# Visual Studio Version 16
VisualStudioVersion = 16.0.30503.244
MinimumVisualStudioVersion = 10.0.40219.1
Project("{8BC9CEB8-8B4A-11D0-8D11-00A0C91BC942}") = "Prak_Calculator", "Prak_Calculator.vcxproj", "{B4730576-3D8B-381F-AAB3-CBFAFEEB6710}"
EndProject
Global
	GlobalSection(SolutionConfigurationPlatforms) = preSolution
		Debug|x64 = Debug|x64
		Release|x64 = Release|x64
	EndGlobalSection
	GlobalSection(ProjectConfigurationPlatforms) = postSolution
		{B4730576-3D8B-381F-AAB3-CBFAFEEB6710}.Debug|x64.ActiveCfg = Debug|x64
		{B4730576-3D8B-381F-AAB3-CBFAFEEB6710}.Debug|x64.Build.0 = Debug|x64
		{B4730576-3D8B-381F-AAB3-CBFAFEEB6710}.Release|x64.ActiveCfg = Release|x64
		{B4730576-3D8B-381F-AAB3-CBFAFEEB6710}.Release|x64.Build.0 = Release|x64
	EndGlobalSection
	GlobalSection(SolutionProperties) = preSolution
		HideSolutionNode = FALSE
	EndGlobalSection
	GlobalSection(ExtensibilityGlobals) = postSolution
		SolutionGuid = {39127CB1-70AA-4C50-A89B-B7F33C894ECC}
	EndGlobalSection
EndGlobal
